
Microsoft Visual Studio Solution File, Format Version 12.00
# Visual Studio Version 17
VisualStudioVersion = 17.11.35208.52
MinimumVisualStudioVersion = 10.0.40219.1
Project("{9A19103F-16F7-4668-BE54-9A1E7A4F7556}") = "WTBattleExtractor", "WTBattleExtractor\WTBattleExtractor.csproj", "{829D6708-D72D-4A2F-AE04-A4BECFDA14BE}"
EndProject
Project("{9A19103F-16F7-4668-BE54-9A1E7A4F7556}") = "BlazorUI", "BlazorUI\BlazorUI.csproj", "{39C27460-8E52-49B3-BC81-6E5853A967ED}"
EndProject
Project("{9A19103F-16F7-4668-BE54-9A1E7A4F7556}") = "Core", "Core\Core.csproj", "{9331F13D-E273-4788-929C-FFC0C4C97F89}"
EndProject
Project("{FAE04EC0-301F-11D3-BF4B-00C04F79EFBC}") = "WebAPI", "WebAPI\WebAPI.csproj", "{527F5939-2CDD-43E9-AEA0-D5900A699F1F}"
EndProject
Global
	GlobalSection(SolutionConfigurationPlatforms) = preSolution
		Debug|Any CPU = Debug|Any CPU
		Release|Any CPU = Release|Any CPU
	EndGlobalSection
	GlobalSection(ProjectConfigurationPlatforms) = postSolution
		{829D6708-D72D-4A2F-AE04-A4BECFDA14BE}.Debug|Any CPU.ActiveCfg = Debug|Any CPU
		{829D6708-D72D-4A2F-AE04-A4BECFDA14BE}.Debug|Any CPU.Build.0 = Debug|Any CPU
		{829D6708-D72D-4A2F-AE04-A4BECFDA14BE}.Release|Any CPU.ActiveCfg = Release|Any CPU
		{829D6708-D72D-4A2F-AE04-A4BECFDA14BE}.Release|Any CPU.Build.0 = Release|Any CPU
		{39C27460-8E52-49B3-BC81-6E5853A967ED}.Debug|Any CPU.ActiveCfg = Debug|Any CPU
		{39C27460-8E52-49B3-BC81-6E5853A967ED}.Debug|Any CPU.Build.0 = Debug|Any CPU
		{39C27460-8E52-49B3-BC81-6E5853A967ED}.Release|Any CPU.ActiveCfg = Release|Any CPU
		{39C27460-8E52-49B3-BC81-6E5853A967ED}.Release|Any CPU.Build.0 = Release|Any CPU
		{9331F13D-E273-4788-929C-FFC0C4C97F89}.Debug|Any CPU.ActiveCfg = Debug|Any CPU
		{9331F13D-E273-4788-929C-FFC0C4C97F89}.Debug|Any CPU.Build.0 = Debug|Any CPU
		{9331F13D-E273-4788-929C-FFC0C4C97F89}.Release|Any CPU.ActiveCfg = Release|Any CPU
		{9331F13D-E273-4788-929C-FFC0C4C97F89}.Release|Any CPU.Build.0 = Release|Any CPU
		{527F5939-2CDD-43E9-AEA0-D5900A699F1F}.Debug|Any CPU.ActiveCfg = Debug|Any CPU
		{527F5939-2CDD-43E9-AEA0-D5900A699F1F}.Debug|Any CPU.Build.0 = Debug|Any CPU
		{527F5939-2CDD-43E9-AEA0-D5900A699F1F}.Release|Any CPU.ActiveCfg = Release|Any CPU
		{527F5939-2CDD-43E9-AEA0-D5900A699F1F}.Release|Any CPU.Build.0 = Release|Any CPU
	EndGlobalSection
	GlobalSection(SolutionProperties) = preSolution
		HideSolutionNode = FALSE
	EndGlobalSection
	GlobalSection(ExtensibilityGlobals) = postSolution
		SolutionGuid = {01BE582C-589E-4093-B31D-E884688E5503}
	EndGlobalSection
EndGlobal
